// !$*UTF8*$!
{
	archiveVersion = 1;
	classes = {
	};
	objectVersion = 50;
	objects = {

/* Begin PBXBuildFile section */
		87215DC5237D2FE100032ADC /* AppDelegate.swift in Sources */ = {isa = PBXBuildFile; fileRef = 87215DC4237D2FE100032ADC /* AppDelegate.swift */; };
		87215DC7237D2FE100032ADC /* SceneDelegate.swift in Sources */ = {isa = PBXBuildFile; fileRef = 87215DC6237D2FE100032ADC /* SceneDelegate.swift */; };
		87215DC9237D2FE100032ADC /* ViewController.swift in Sources */ = {isa = PBXBuildFile; fileRef = 87215DC8237D2FE100032ADC /* ViewController.swift */; };
		87215DCC237D2FE100032ADC /* Main.storyboard in Resources */ = {isa = PBXBuildFile; fileRef = 87215DCA237D2FE100032ADC /* Main.storyboard */; };
		87215DCE237D2FE300032ADC /* Assets.xcassets in Resources */ = {isa = PBXBuildFile; fileRef = 87215DCD237D2FE300032ADC /* Assets.xcassets */; };
		87215DD1237D2FE300032ADC /* LaunchScreen.storyboard in Resources */ = {isa = PBXBuildFile; fileRef = 87215DCF237D2FE300032ADC /* LaunchScreen.storyboard */; };
/* End PBXBuildFile section */

/* Begin PBXFileReference section */
		87215DC1237D2FE100032ADC /* passData.app */ = {isa = PBXFileReference; explicitFileType = wrapper.application; includeInIndex = 0; path = passData.app; sourceTree = BUILT_PRODUCTS_DIR; };
		87215DC4237D2FE100032ADC /* AppDelegate.swift */ = {isa = PBXFileReference; lastKnownFileType = sourcecode.swift; path = AppDelegate.swift; sourceTree = "<group>"; };
		87215DC6237D2FE100032ADC /* SceneDelegate.swift */ = {isa = PBXFileReference; lastKnownFileType = sourcecode.swift; path = SceneDelegate.swift; sourceTree = "<group>"; };
		87215DC8237D2FE100032ADC /* ViewController.swift */ = {isa = PBXFileReference; lastKnownFileType = sourcecode.swift; path = ViewController.swift; sourceTree = "<group>"; };
		87215DCB237D2FE100032ADC /* Base */ = {isa = PBXFileReference; lastKnownFileType = file.storyboard; name = Base; path = Base.lproj/Main.storyboard; sourceTree = "<group>"; };
		87215DCD237D2FE300032ADC /* Assets.xcassets */ = {isa = PBXFileReference; lastKnownFileType = folder.assetcatalog; path = Assets.xcassets; sourceTree = "<group>"; };
		87215DD0237D2FE300032ADC /* Base */ = {isa = PBXFileReference; lastKnownFileType = file.storyboard; name = Base; path = Base.lproj/LaunchScreen.storyboard; sourceTree = "<group>"; };
		87215DD2237D2FE300032ADC /* Info.plist */ = {isa = PBXFileReference; lastKnownFileType = text.plist.xml; path = Info.plist; sourceTree = "<group>"; };
/* End PBXFileReference section */

/* Begin PBXFrameworksBuildPhase section */
		87215DBE237D2FE100032ADC /* Frameworks */ = {
			isa = PBXFrameworksBuildPhase;
			buildActionMask = 2147483647;
			files = (
			);
			runOnlyForDeploymentPostprocessing = 0;
		};
/* End PBXFrameworksBuildPhase section */

/* Begin PBXGroup section */
		87215DB8237D2FE100032ADC = {
			isa = PBXGroup;
			children = (
				87215DC3237D2FE100032ADC /* passData */,
				87215DC2237D2FE100032ADC /* Products */,
			);
			sourceTree = "<group>";
		};
		87215DC2237D2FE100032ADC /* Products */ = {
			isa = PBXGroup;
			children = (
				87215DC1237D2FE100032ADC /* passData.app */,
			);
			name = Products;
			sourceTree = "<group>";
		};
		87215DC3237D2FE100032ADC /* passData */ = {
			isa = PBXGroup;
			children = (
				87215DC4237D2FE100032ADC /* AppDelegate.swift */,
				87215DC6237D2FE100032ADC /* SceneDelegate.swift */,
				87215DC8237D2FE100032ADC /* ViewController.swift */,
				87215DCA237D2FE100032ADC /* Main.storyboard */,
				87215DCD237D2FE300032ADC /* Assets.xcassets */,
				87215DCF237D2FE300032ADC /* LaunchScreen.storyboard */,
				87215DD2237D2FE300032ADC /* Info.plist */,
			);
			path = passData;
			sourceTree = "<group>";
		};
/* End PBXGroup section */

/* Begin PBXNativeTarget section */
		87215DC0237D2FE100032ADC /* passData */ = {
			isa = PBXNativeTarget;
			buildConfigurationList = 87215DD5237D2FE300032ADC /* Build configuration list for PBXNativeTarget "passData" */;
			buildPhases = (
				87215DBD237D2FE100032ADC /* Sources */,
				87215DBE237D2FE100032ADC /* Frameworks */,
				87215DBF237D2FE100032ADC /* Resources */,
			);
			buildRules = (
			);
			dependencies = (
			);
			name = passData;
			productName = passData;
			productReference = 87215DC1237D2FE100032ADC /* passData.app */;
			productType = "com.apple.product-type.application";
		};
/* End PBXNativeTarget section */

/* Begin PBXProject section */
		87215DB9237D2FE100032ADC /* Project object */ = {
			isa = PBXProject;
			attributes = {
				LastSwiftUpdateCheck = 1110;
				LastUpgradeCheck = 1110;
				ORGANIZATIONNAME = "Konstantin Porokhov";
				TargetAttributes = {
					87215DC0237D2FE100032ADC = {
						CreatedOnToolsVersion = 11.1;
					};
				};
			};
			buildConfigurationList = 87215DBC237D2FE100032ADC /* Build configuration list for PBXProject "passData" */;
			compatibilityVersion = "Xcode 9.3";
			developmentRegion = en;
			hasScannedForEncodings = 0;
			knownRegions = (
				en,
				Base,
			);
			mainGroup = 87215DB8237D2FE100032ADC;
			productRefGroup = 87215DC2237D2FE100032ADC /* Products */;
			projectDirPath = "";
			projectRoot = "";
			targets = (
				87215DC0237D2FE100032ADC /* passData */,
			);
		};
/* End PBXProject section */

/* Begin PBXResourcesBuildPhase section */
		87215DBF237D2FE100032ADC /* Resources */ = {
			isa = PBXResourcesBuildPhase;
			buildActionMask = 2147483647;
			files = (
				87215DD1237D2FE300032ADC /* LaunchScreen.storyboard in Resources */,
				87215DCE237D2FE300032ADC /* Assets.xcassets in Resources */,
				87215DCC237D2FE100032ADC /* Main.storyboard in Resources */,
			);
			runOnlyForDeploymentPostprocessing = 0;
		};
/* End PBXResourcesBuildPhase section */

/* Begin PBXSourcesBuildPhase section */
		87215DBD237D2FE100032ADC /* Sources */ = {
			isa = PBXSourcesBuildPhase;
			buildActionMask = 2147483647;
			files = (
				87215DC9237D2FE100032ADC /* ViewController.swift in Sources */,
				87215DC5237D2FE100032ADC /* AppDelegate.swift in Sources */,
				87215DC7237D2FE100032ADC /* SceneDelegate.swift in Sources */,
			);
			runOnlyForDeploymentPostprocessing = 0;
		};
/* End PBXSourcesBuildPhase section */

/* Begin PBXVariantGroup section */
		87215DCA237D2FE100032ADC /* Main.storyboard */ = {
			isa = PBXVariantGroup;
			children = (
				87215DCB237D2FE100032ADC /* Base */,
			);
			name = Main.storyboard;
			sourceTree = "<group>";
		};
		87215DCF237D2FE300032ADC /* LaunchScreen.storyboard */ = {
			isa = PBXVariantGroup;
			children = (
				87215DD0237D2FE300032ADC /* Base */,
			);
			name = LaunchScreen.storyboard;
			sourceTree = "<group>";
		};
/* End PBXVariantGroup section */

/* Begin XCBuildConfiguration section */
		87215DD3237D2FE300032ADC /* Debug */ = {
			isa = XCBuildConfiguration;
			buildSettings = {
				ALWAYS_SEARCH_USER_PATHS = NO;
				CLANG_ANALYZER_NONNULL = YES;
				CLANG_ANALYZER_NUMBER_OBJECT_CONVERSION = YES_AGGRESSIVE;
				CLANG_CXX_LANGUAGE_STANDARD = "gnu++14";
				CLANG_CXX_LIBRARY = "libc++";
				CLANG_ENABLE_MODULES = YES;
				CLANG_ENABLE_OBJC_ARC = YES;
				CLANG_ENABLE_OBJC_WEAK = YES;
				CLANG_WARN_BLOCK_CAPTURE_AUTORELEASING = YES;
				CLANG_WARN_BOOL_CONVERSION = YES;
				CLANG_WARN_COMMA = YES;
				CLANG_WARN_CONSTANT_CONVERSION = YES;
				CLANG_WARN_DEPRECATED_OBJC_IMPLEMENTATIONS = YES;
				CLANG_WARN_DIRECT_OBJC_ISA_USAGE = YES_ERROR;
				CLANG_WARN_DOCUMENTATION_COMMENTS = YES;
				CLANG_WARN_EMPTY_BODY = YES;
				CLANG_WARN_ENUM_CONVERSION = YES;
				CLANG_WARN_INFINITE_RECURSION = YES;
				CLANG_WARN_INT_CONVERSION = YES;
				CLANG_WARN_NON_LITERAL_NULL_CONVERSION = YES;
				CLANG_WARN_OBJC_IMPLICIT_RETAIN_SELF = YES;
				CLANG_WARN_OBJC_LITERAL_CONVERSION = YES;
				CLANG_WARN_OBJC_ROOT_CLASS = YES_ERROR;
				CLANG_WARN_RANGE_LOOP_ANALYSIS = YES;
				CLANG_WARN_STRICT_PROTOTYPES = YES;
				CLANG_WARN_SUSPICIOUS_MOVE = YES;
				CLANG_WARN_UNGUARDED_AVAILABILITY = YES_AGGRESSIVE;
				CLANG_WARN_UNREACHABLE_CODE = YES;
				CLANG_WARN__DUPLICATE_METHOD_MATCH = YES;
				COPY_PHASE_STRIP = NO;
				DEBUG_INFORMATION_FORMAT = dwarf;
				ENABLE_STRICT_OBJC_MSGSEND = YES;
				ENABLE_TESTABILITY = YES;
				GCC_C_LANGUAGE_STANDARD = gnu11;
				GCC_DYNAMIC_NO_PIC = NO;
				GCC_NO_COMMON_BLOCKS = YES;
				GCC_OPTIMIZATION_LEVEL = 0;
				GCC_PREPROCESSOR_DEFINITIONS = (
					"DEBUG=1",
					"$(inherited)",
				);
				GCC_WARN_64_TO_32_BIT_CONVERSION = YES;
				GCC_WARN_ABOUT_RETURN_TYPE = YES_ERROR;
				GCC_WARN_UNDECLARED_SELECTOR = YES;
				GCC_WARN_UNINITIALIZED_AUTOS = YES_AGGRESSIVE;
				GCC_WARN_UNUSED_FUNCTION = YES;
				GCC_WARN_UNUSED_VARIABLE = YES;
				IPHONEOS_DEPLOYMENT_TARGET = 13.1;
				MTL_ENABLE_DEBUG_INFO = INCLUDE_SOURCE;
				MTL_FAST_MATH = YES;
				ONLY_ACTIVE_ARCH = YES;
				SDKROOT = iphoneos;
				SWIFT_ACTIVE_COMPILATION_CONDITIONS = DEBUG;
				SWIFT_OPTIMIZATION_LEVEL = "-Onone";
			};
			name = Debug;
		};
		87215DD4237D2FE300032ADC /* Release */ = {
			isa = XCBuildConfiguration;
			buildSettings = {
				ALWAYS_SEARCH_USER_PATHS = NO;
				CLANG_ANALYZER_NONNULL = YES;
				CLANG_ANALYZER_NUMBER_OBJECT_CONVERSION = YES_AGGRESSIVE;
				CLANG_CXX_LANGUAGE_STANDARD = "gnu++14";
				CLANG_CXX_LIBRARY = "libc++";
				CLANG_ENABLE_MODULES = YES;
				CLANG_ENABLE_OBJC_ARC = YES;
				CLANG_ENABLE_OBJC_WEAK = YES;
				CLANG_WARN_BLOCK_CAPTURE_AUTORELEASING = YES;
				CLANG_WARN_BOOL_CONVERSION = YES;
				CLANG_WARN_COMMA = YES;
				CLANG_WARN_CONSTANT_CONVERSION = YES;
				CLANG_WARN_DEPRECATED_OBJC_IMPLEMENTATIONS = YES;
				CLANG_WARN_DIRECT_OBJC_ISA_USAGE = YES_ERROR;
				CLANG_WARN_DOCUMENTATION_COMMENTS = YES;
				CLANG_WARN_EMPTY_BODY = YES;
				CLANG_WARN_ENUM_CONVERSION = YES;
				CLANG_WARN_INFINITE_RECURSION = YES;
				CLANG_WARN_INT_CONVERSION = YES;
				CLANG_WARN_NON_LITERAL_NULL_CONVERSION = YES;
				CLANG_WARN_OBJC_IMPLICIT_RETAIN_SELF = YES;
				CLANG_WARN_OBJC_LITERAL_CONVERSION = YES;
				CLANG_WARN_OBJC_ROOT_CLASS = YES_ERROR;
				CLANG_WARN_RANGE_LOOP_ANALYSIS = YES;
				CLANG_WARN_STRICT_PROTOTYPES = YES;
				CLANG_WARN_SUSPICIOUS_MOVE = YES;
				CLANG_WARN_UNGUARDED_AVAILABILITY = YES_AGGRESSIVE;
				CLANG_WARN_UNREACHABLE_CODE = YES;
				CLANG_WARN__DUPLICATE_METHOD_MATCH = YES;
				COPY_PHASE_STRIP = NO;
				DEBUG_INFORMATION_FORMAT = "dwarf-with-dsym";
				ENABLE_NS_ASSERTIONS = NO;
				ENABLE_STRICT_OBJC_MSGSEND = YES;
				GCC_C_LANGUAGE_STANDARD = gnu11;
				GCC_NO_COMMON_BLOCKS = YES;
				GCC_WARN_64_TO_32_BIT_CONVERSION = YES;
				GCC_WARN_ABOUT_RETURN_TYPE = YES_ERROR;
				GCC_WARN_UNDECLARED_SELECTOR = YES;
				GCC_WARN_UNINITIALIZED_AUTOS = YES_AGGRESSIVE;
				GCC_WARN_UNUSED_FUNCTION = YES;
				GCC_WARN_UNUSED_VARIABLE = YES;
				IPHONEOS_DEPLOYMENT_TARGET = 13.1;
				MTL_ENABLE_DEBUG_INFO = NO;
				MTL_FAST_MATH = YES;
				SDKROOT = iphoneos;
				SWIFT_COMPILATION_MODE = wholemodule;
				SWIFT_OPTIMIZATION_LEVEL = "-O";
				VALIDATE_PRODUCT = YES;
			};
			name = Release;
		};
		87215DD6237D2FE300032ADC /* Debug */ = {
			isa = XCBuildConfiguration;
			buildSettings = {
				ASSETCATALOG_COMPILER_APPICON_NAME = AppIcon;
				CODE_SIGN_STYLE = Automatic;
				DEVELOPMENT_TEAM = PVVSWG9FDA;
				INFOPLIST_FILE = passData/Info.plist;
				LD_RUNPATH_SEARCH_PATHS = (
					"$(inherited)",
					"@executable_path/Frameworks",
				);
				PRODUCT_BUNDLE_IDENTIFIER = kot.passData;
				PRODUCT_NAME = "$(TARGET_NAME)";
				SWIFT_VERSION = 5.0;
				TARGETED_DEVICE_FAMILY = "1,2";
			};
			name = Debug;
		};
		87215DD7237D2FE300032ADC /* Release */ = {
			isa = XCBuildConfiguration;
			buildSettings = {
				ASSETCATALOG_COMPILER_APPICON_NAME = AppIcon;
				CODE_SIGN_STYLE = Automatic;
				DEVELOPMENT_TEAM = PVVSWG9FDA;
				INFOPLIST_FILE = passData/Info.plist;
				LD_RUNPATH_SEARCH_PATHS = (
					"$(inherited)",
					"@executable_path/Frameworks",
				);
				PRODUCT_BUNDLE_IDENTIFIER = kot.passData;
				PRODUCT_NAME = "$(TARGET_NAME)";
				SWIFT_VERSION = 5.0;
				TARGETED_DEVICE_FAMILY = "1,2";
			};
			name = Release;
		};
/* End XCBuildConfiguration section */

/* Begin XCConfigurationList section */
		87215DBC237D2FE100032ADC /* Build configuration list for PBXProject "passData" */ = {
			isa = XCConfigurationList;
			buildConfigurations = (
				87215DD3237D2FE300032ADC /* Debug */,
				87215DD4237D2FE300032ADC /* Release */,
			);
			defaultConfigurationIsVisible = 0;
			defaultConfigurationName = Release;
		};
		87215DD5237D2FE300032ADC /* Build configuration list for PBXNativeTarget "passData" */ = {
			isa = XCConfigurationList;
			buildConfigurations = (
				87215DD6237D2FE300032ADC /* Debug */,
				87215DD7237D2FE300032ADC /* Release */,
			);
			defaultConfigurationIsVisible = 0;
			defaultConfigurationName = Release;
		};
/* End XCConfigurationList section */
	};
	rootObject = 87215DB9237D2FE100032ADC /* Project object */;
}
